// !$*UTF8*$!
{
	archiveVersion = 1;
	classes = {
	};
	objectVersion = 50;
	objects = {

/* Begin PBXBuildFile section */
		680A5725255DF4B70090CEA5 /* AppDelegate.swift in Sources */ = {isa = PBXBuildFile; fileRef = 680A5724255DF4B70090CEA5 /* AppDelegate.swift */; };
		680A5727255DF4B70090CEA5 /* SceneDelegate.swift in Sources */ = {isa = PBXBuildFile; fileRef = 680A5726255DF4B70090CEA5 /* SceneDelegate.swift */; };
		680A5729255DF4B70090CEA5 /* ViewController.swift in Sources */ = {isa = PBXBuildFile; fileRef = 680A5728255DF4B70090CEA5 /* ViewController.swift */; };
		680A572C255DF4B70090CEA5 /* Main.storyboard in Resources */ = {isa = PBXBuildFile; fileRef = 680A572A255DF4B70090CEA5 /* Main.storyboard */; };
		680A572E255DF4B90090CEA5 /* Assets.xcassets in Resources */ = {isa = PBXBuildFile; fileRef = 680A572D255DF4B90090CEA5 /* Assets.xcassets */; };
		680A5731255DF4B90090CEA5 /* LaunchScreen.storyboard in Resources */ = {isa = PBXBuildFile; fileRef = 680A572F255DF4B90090CEA5 /* LaunchScreen.storyboard */; };
		680A573C255DF4B90090CEA5 /* TodoListTests.swift in Sources */ = {isa = PBXBuildFile; fileRef = 680A573B255DF4B90090CEA5 /* TodoListTests.swift */; };
		680A5747255DF4B90090CEA5 /* TodoListUITests.swift in Sources */ = {isa = PBXBuildFile; fileRef = 680A5746255DF4B90090CEA5 /* TodoListUITests.swift */; };
/* End PBXBuildFile section */

/* Begin PBXContainerItemProxy section */
		680A5738255DF4B90090CEA5 /* PBXContainerItemProxy */ = {
			isa = PBXContainerItemProxy;
			containerPortal = 680A5719255DF4B70090CEA5 /* Project object */;
			proxyType = 1;
			remoteGlobalIDString = 680A5720255DF4B70090CEA5;
			remoteInfo = TodoList;
		};
		680A5743255DF4B90090CEA5 /* PBXContainerItemProxy */ = {
			isa = PBXContainerItemProxy;
			containerPortal = 680A5719255DF4B70090CEA5 /* Project object */;
			proxyType = 1;
			remoteGlobalIDString = 680A5720255DF4B70090CEA5;
			remoteInfo = TodoList;
		};
/* End PBXContainerItemProxy section */

/* Begin PBXFileReference section */
		680A5721255DF4B70090CEA5 /* TodoList.app */ = {isa = PBXFileReference; explicitFileType = wrapper.application; includeInIndex = 0; path = TodoList.app; sourceTree = BUILT_PRODUCTS_DIR; };
		680A5724255DF4B70090CEA5 /* AppDelegate.swift */ = {isa = PBXFileReference; lastKnownFileType = sourcecode.swift; path = AppDelegate.swift; sourceTree = "<group>"; };
		680A5726255DF4B70090CEA5 /* SceneDelegate.swift */ = {isa = PBXFileReference; lastKnownFileType = sourcecode.swift; path = SceneDelegate.swift; sourceTree = "<group>"; };
		680A5728255DF4B70090CEA5 /* ViewController.swift */ = {isa = PBXFileReference; lastKnownFileType = sourcecode.swift; path = ViewController.swift; sourceTree = "<group>"; };
		680A572B255DF4B70090CEA5 /* Base */ = {isa = PBXFileReference; lastKnownFileType = file.storyboard; name = Base; path = Base.lproj/Main.storyboard; sourceTree = "<group>"; };
		680A572D255DF4B90090CEA5 /* Assets.xcassets */ = {isa = PBXFileReference; lastKnownFileType = folder.assetcatalog; path = Assets.xcassets; sourceTree = "<group>"; };
		680A5730255DF4B90090CEA5 /* Base */ = {isa = PBXFileReference; lastKnownFileType = file.storyboard; name = Base; path = Base.lproj/LaunchScreen.storyboard; sourceTree = "<group>"; };
		680A5732255DF4B90090CEA5 /* Info.plist */ = {isa = PBXFileReference; lastKnownFileType = text.plist.xml; path = Info.plist; sourceTree = "<group>"; };
		680A5737255DF4B90090CEA5 /* TodoListTests.xctest */ = {isa = PBXFileReference; explicitFileType = wrapper.cfbundle; includeInIndex = 0; path = TodoListTests.xctest; sourceTree = BUILT_PRODUCTS_DIR; };
		680A573B255DF4B90090CEA5 /* TodoListTests.swift */ = {isa = PBXFileReference; lastKnownFileType = sourcecode.swift; path = TodoListTests.swift; sourceTree = "<group>"; };
		680A573D255DF4B90090CEA5 /* Info.plist */ = {isa = PBXFileReference; lastKnownFileType = text.plist.xml; path = Info.plist; sourceTree = "<group>"; };
		680A5742255DF4B90090CEA5 /* TodoListUITests.xctest */ = {isa = PBXFileReference; explicitFileType = wrapper.cfbundle; includeInIndex = 0; path = TodoListUITests.xctest; sourceTree = BUILT_PRODUCTS_DIR; };
		680A5746255DF4B90090CEA5 /* TodoListUITests.swift */ = {isa = PBXFileReference; lastKnownFileType = sourcecode.swift; path = TodoListUITests.swift; sourceTree = "<group>"; };
		680A5748255DF4B90090CEA5 /* Info.plist */ = {isa = PBXFileReference; lastKnownFileType = text.plist.xml; path = Info.plist; sourceTree = "<group>"; };
/* End PBXFileReference section */

/* Begin PBXFrameworksBuildPhase section */
		680A571E255DF4B70090CEA5 /* Frameworks */ = {
			isa = PBXFrameworksBuildPhase;
			buildActionMask = 2147483647;
			files = (
			);
			runOnlyForDeploymentPostprocessing = 0;
		};
		680A5734255DF4B90090CEA5 /* Frameworks */ = {
			isa = PBXFrameworksBuildPhase;
			buildActionMask = 2147483647;
			files = (
			);
			runOnlyForDeploymentPostprocessing = 0;
		};
		680A573F255DF4B90090CEA5 /* Frameworks */ = {
			isa = PBXFrameworksBuildPhase;
			buildActionMask = 2147483647;
			files = (
			);
			runOnlyForDeploymentPostprocessing = 0;
		};
/* End PBXFrameworksBuildPhase section */

/* Begin PBXGroup section */
		680A5718255DF4B70090CEA5 = {
			isa = PBXGroup;
			children = (
				680A5723255DF4B70090CEA5 /* TodoList */,
				680A573A255DF4B90090CEA5 /* TodoListTests */,
				680A5745255DF4B90090CEA5 /* TodoListUITests */,
				680A5722255DF4B70090CEA5 /* Products */,
			);
			sourceTree = "<group>";
		};
		680A5722255DF4B70090CEA5 /* Products */ = {
			isa = PBXGroup;
			children = (
				680A5721255DF4B70090CEA5 /* TodoList.app */,
				680A5737255DF4B90090CEA5 /* TodoListTests.xctest */,
				680A5742255DF4B90090CEA5 /* TodoListUITests.xctest */,
			);
			name = Products;
			sourceTree = "<group>";
		};
		680A5723255DF4B70090CEA5 /* TodoList */ = {
			isa = PBXGroup;
			children = (
				680A5724255DF4B70090CEA5 /* AppDelegate.swift */,
				680A5726255DF4B70090CEA5 /* SceneDelegate.swift */,
				680A5728255DF4B70090CEA5 /* ViewController.swift */,
				680A572A255DF4B70090CEA5 /* Main.storyboard */,
				680A572D255DF4B90090CEA5 /* Assets.xcassets */,
				680A572F255DF4B90090CEA5 /* LaunchScreen.storyboard */,
				680A5732255DF4B90090CEA5 /* Info.plist */,
			);
			path = TodoList;
			sourceTree = "<group>";
		};
		680A573A255DF4B90090CEA5 /* TodoListTests */ = {
			isa = PBXGroup;
			children = (
				680A573B255DF4B90090CEA5 /* TodoListTests.swift */,
				680A573D255DF4B90090CEA5 /* Info.plist */,
			);
			path = TodoListTests;
			sourceTree = "<group>";
		};
		680A5745255DF4B90090CEA5 /* TodoListUITests */ = {
			isa = PBXGroup;
			children = (
				680A5746255DF4B90090CEA5 /* TodoListUITests.swift */,
				680A5748255DF4B90090CEA5 /* Info.plist */,
			);
			path = TodoListUITests;
			sourceTree = "<group>";
		};
/* End PBXGroup section */

/* Begin PBXNativeTarget section */
		680A5720255DF4B70090CEA5 /* TodoList */ = {
			isa = PBXNativeTarget;
			buildConfigurationList = 680A574B255DF4B90090CEA5 /* Build configuration list for PBXNativeTarget "TodoList" */;
			buildPhases = (
				680A571D255DF4B70090CEA5 /* Sources */,
				680A571E255DF4B70090CEA5 /* Frameworks */,
				680A571F255DF4B70090CEA5 /* Resources */,
			);
			buildRules = (
			);
			dependencies = (
			);
			name = TodoList;
			productName = TodoList;
			productReference = 680A5721255DF4B70090CEA5 /* TodoList.app */;
			productType = "com.apple.product-type.application";
		};
		680A5736255DF4B90090CEA5 /* TodoListTests */ = {
			isa = PBXNativeTarget;
			buildConfigurationList = 680A574E255DF4B90090CEA5 /* Build configuration list for PBXNativeTarget "TodoListTests" */;
			buildPhases = (
				680A5733255DF4B90090CEA5 /* Sources */,
				680A5734255DF4B90090CEA5 /* Frameworks */,
				680A5735255DF4B90090CEA5 /* Resources */,
			);
			buildRules = (
			);
			dependencies = (
				680A5739255DF4B90090CEA5 /* PBXTargetDependency */,
			);
			name = TodoListTests;
			productName = TodoListTests;
			productReference = 680A5737255DF4B90090CEA5 /* TodoListTests.xctest */;
			productType = "com.apple.product-type.bundle.unit-test";
		};
		680A5741255DF4B90090CEA5 /* TodoListUITests */ = {
			isa = PBXNativeTarget;
			buildConfigurationList = 680A5751255DF4B90090CEA5 /* Build configuration list for PBXNativeTarget "TodoListUITests" */;
			buildPhases = (
				680A573E255DF4B90090CEA5 /* Sources */,
				680A573F255DF4B90090CEA5 /* Frameworks */,
				680A5740255DF4B90090CEA5 /* Resources */,
			);
			buildRules = (
			);
			dependencies = (
				680A5744255DF4B90090CEA5 /* PBXTargetDependency */,
			);
			name = TodoListUITests;
			productName = TodoListUITests;
			productReference = 680A5742255DF4B90090CEA5 /* TodoListUITests.xctest */;
			productType = "com.apple.product-type.bundle.ui-testing";
		};
/* End PBXNativeTarget section */

/* Begin PBXProject section */
		680A5719255DF4B70090CEA5 /* Project object */ = {
			isa = PBXProject;
			attributes = {
				LastSwiftUpdateCheck = 1210;
				LastUpgradeCheck = 1210;
				TargetAttributes = {
					680A5720255DF4B70090CEA5 = {
						CreatedOnToolsVersion = 12.1;
					};
					680A5736255DF4B90090CEA5 = {
						CreatedOnToolsVersion = 12.1;
						TestTargetID = 680A5720255DF4B70090CEA5;
					};
					680A5741255DF4B90090CEA5 = {
						CreatedOnToolsVersion = 12.1;
						TestTargetID = 680A5720255DF4B70090CEA5;
					};
				};
			};
			buildConfigurationList = 680A571C255DF4B70090CEA5 /* Build configuration list for PBXProject "TodoList" */;
			compatibilityVersion = "Xcode 9.3";
			developmentRegion = en;
			hasScannedForEncodings = 0;
			knownRegions = (
				en,
				Base,
			);
			mainGroup = 680A5718255DF4B70090CEA5;
			productRefGroup = 680A5722255DF4B70090CEA5 /* Products */;
			projectDirPath = "";
			projectRoot = "";
			targets = (
				680A5720255DF4B70090CEA5 /* TodoList */,
				680A5736255DF4B90090CEA5 /* TodoListTests */,
				680A5741255DF4B90090CEA5 /* TodoListUITests */,
			);
		};
/* End PBXProject section */

/* Begin PBXResourcesBuildPhase section */
		680A571F255DF4B70090CEA5 /* Resources */ = {
			isa = PBXResourcesBuildPhase;
			buildActionMask = 2147483647;
			files = (
				680A5731255DF4B90090CEA5 /* LaunchScreen.storyboard in Resources */,
				680A572E255DF4B90090CEA5 /* Assets.xcassets in Resources */,
				680A572C255DF4B70090CEA5 /* Main.storyboard in Resources */,
			);
			runOnlyForDeploymentPostprocessing = 0;
		};
		680A5735255DF4B90090CEA5 /* Resources */ = {
			isa = PBXResourcesBuildPhase;
			buildActionMask = 2147483647;
			files = (
			);
			runOnlyForDeploymentPostprocessing = 0;
		};
		680A5740255DF4B90090CEA5 /* Resources */ = {
			isa = PBXResourcesBuildPhase;
			buildActionMask = 2147483647;
			files = (
			);
			runOnlyForDeploymentPostprocessing = 0;
		};
/* End PBXResourcesBuildPhase section */

/* Begin PBXSourcesBuildPhase section */
		680A571D255DF4B70090CEA5 /* Sources */ = {
			isa = PBXSourcesBuildPhase;
			buildActionMask = 2147483647;
			files = (
				680A5729255DF4B70090CEA5 /* ViewController.swift in Sources */,
				680A5725255DF4B70090CEA5 /* AppDelegate.swift in Sources */,
				680A5727255DF4B70090CEA5 /* SceneDelegate.swift in Sources */,
			);
			runOnlyForDeploymentPostprocessing = 0;
		};
		680A5733255DF4B90090CEA5 /* Sources */ = {
			isa = PBXSourcesBuildPhase;
			buildActionMask = 2147483647;
			files = (
				680A573C255DF4B90090CEA5 /* TodoListTests.swift in Sources */,
			);
			runOnlyForDeploymentPostprocessing = 0;
		};
		680A573E255DF4B90090CEA5 /* Sources */ = {
			isa = PBXSourcesBuildPhase;
			buildActionMask = 2147483647;
			files = (
				680A5747255DF4B90090CEA5 /* TodoListUITests.swift in Sources */,
			);
			runOnlyForDeploymentPostprocessing = 0;
		};
/* End PBXSourcesBuildPhase section */

/* Begin PBXTargetDependency section */
		680A5739255DF4B90090CEA5 /* PBXTargetDependency */ = {
			isa = PBXTargetDependency;
			target = 680A5720255DF4B70090CEA5 /* TodoList */;
			targetProxy = 680A5738255DF4B90090CEA5 /* PBXContainerItemProxy */;
		};
		680A5744255DF4B90090CEA5 /* PBXTargetDependency */ = {
			isa = PBXTargetDependency;
			target = 680A5720255DF4B70090CEA5 /* TodoList */;
			targetProxy = 680A5743255DF4B90090CEA5 /* PBXContainerItemProxy */;
		};
/* End PBXTargetDependency section */

/* Begin PBXVariantGroup section */
		680A572A255DF4B70090CEA5 /* Main.storyboard */ = {
			isa = PBXVariantGroup;
			children = (
				680A572B255DF4B70090CEA5 /* Base */,
			);
			name = Main.storyboard;
			sourceTree = "<group>";
		};
		680A572F255DF4B90090CEA5 /* LaunchScreen.storyboard */ = {
			isa = PBXVariantGroup;
			children = (
				680A5730255DF4B90090CEA5 /* Base */,
			);
			name = LaunchScreen.storyboard;
			sourceTree = "<group>";
		};
/* End PBXVariantGroup section */

/* Begin XCBuildConfiguration section */
		680A5749255DF4B90090CEA5 /* Debug */ = {
			isa = XCBuildConfiguration;
			buildSettings = {
				ALWAYS_SEARCH_USER_PATHS = NO;
				CLANG_ANALYZER_NONNULL = YES;
				CLANG_ANALYZER_NUMBER_OBJECT_CONVERSION = YES_AGGRESSIVE;
				CLANG_CXX_LANGUAGE_STANDARD = "gnu++14";
				CLANG_CXX_LIBRARY = "libc++";
				CLANG_ENABLE_MODULES = YES;
				CLANG_ENABLE_OBJC_ARC = YES;
				CLANG_ENABLE_OBJC_WEAK = YES;
				CLANG_WARN_BLOCK_CAPTURE_AUTORELEASING = YES;
				CLANG_WARN_BOOL_CONVERSION = YES;
				CLANG_WARN_COMMA = YES;
				CLANG_WARN_CONSTANT_CONVERSION = YES;
				CLANG_WARN_DEPRECATED_OBJC_IMPLEMENTATIONS = YES;
				CLANG_WARN_DIRECT_OBJC_ISA_USAGE = YES_ERROR;
				CLANG_WARN_DOCUMENTATION_COMMENTS = YES;
				CLANG_WARN_EMPTY_BODY = YES;
				CLANG_WARN_ENUM_CONVERSION = YES;
				CLANG_WARN_INFINITE_RECURSION = YES;
				CLANG_WARN_INT_CONVERSION = YES;
				CLANG_WARN_NON_LITERAL_NULL_CONVERSION = YES;
				CLANG_WARN_OBJC_IMPLICIT_RETAIN_SELF = YES;
				CLANG_WARN_OBJC_LITERAL_CONVERSION = YES;
				CLANG_WARN_OBJC_ROOT_CLASS = YES_ERROR;
				CLANG_WARN_QUOTED_INCLUDE_IN_FRAMEWORK_HEADER = YES;
				CLANG_WARN_RANGE_LOOP_ANALYSIS = YES;
				CLANG_WARN_STRICT_PROTOTYPES = YES;
				CLANG_WARN_SUSPICIOUS_MOVE = YES;
				CLANG_WARN_UNGUARDED_AVAILABILITY = YES_AGGRESSIVE;
				CLANG_WARN_UNREACHABLE_CODE = YES;
				CLANG_WARN__DUPLICATE_METHOD_MATCH = YES;
				COPY_PHASE_STRIP = NO;
				DEBUG_INFORMATION_FORMAT = dwarf;
				ENABLE_STRICT_OBJC_MSGSEND = YES;
				ENABLE_TESTABILITY = YES;
				GCC_C_LANGUAGE_STANDARD = gnu11;
				GCC_DYNAMIC_NO_PIC = NO;
				GCC_NO_COMMON_BLOCKS = YES;
				GCC_OPTIMIZATION_LEVEL = 0;
				GCC_PREPROCESSOR_DEFINITIONS = (
					"DEBUG=1",
					"$(inherited)",
				);
				GCC_WARN_64_TO_32_BIT_CONVERSION = YES;
				GCC_WARN_ABOUT_RETURN_TYPE = YES_ERROR;
				GCC_WARN_UNDECLARED_SELECTOR = YES;
				GCC_WARN_UNINITIALIZED_AUTOS = YES_AGGRESSIVE;
				GCC_WARN_UNUSED_FUNCTION = YES;
				GCC_WARN_UNUSED_VARIABLE = YES;
				IPHONEOS_DEPLOYMENT_TARGET = 14.1;
				MTL_ENABLE_DEBUG_INFO = INCLUDE_SOURCE;
				MTL_FAST_MATH = YES;
				ONLY_ACTIVE_ARCH = YES;
				SDKROOT = iphoneos;
				SWIFT_ACTIVE_COMPILATION_CONDITIONS = DEBUG;
				SWIFT_OPTIMIZATION_LEVEL = "-Onone";
			};
			name = Debug;
		};
		680A574A255DF4B90090CEA5 /* Release */ = {
			isa = XCBuildConfiguration;
			buildSettings = {
				ALWAYS_SEARCH_USER_PATHS = NO;
				CLANG_ANALYZER_NONNULL = YES;
				CLANG_ANALYZER_NUMBER_OBJECT_CONVERSION = YES_AGGRESSIVE;
				CLANG_CXX_LANGUAGE_STANDARD = "gnu++14";
				CLANG_CXX_LIBRARY = "libc++";
				CLANG_ENABLE_MODULES = YES;
				CLANG_ENABLE_OBJC_ARC = YES;
				CLANG_ENABLE_OBJC_WEAK = YES;
				CLANG_WARN_BLOCK_CAPTURE_AUTORELEASING = YES;
				CLANG_WARN_BOOL_CONVERSION = YES;
				CLANG_WARN_COMMA = YES;
				CLANG_WARN_CONSTANT_CONVERSION = YES;
				CLANG_WARN_DEPRECATED_OBJC_IMPLEMENTATIONS = YES;
				CLANG_WARN_DIRECT_OBJC_ISA_USAGE = YES_ERROR;
				CLANG_WARN_DOCUMENTATION_COMMENTS = YES;
				CLANG_WARN_EMPTY_BODY = YES;
				CLANG_WARN_ENUM_CONVERSION = YES;
				CLANG_WARN_INFINITE_RECURSION = YES;
				CLANG_WARN_INT_CONVERSION = YES;
				CLANG_WARN_NON_LITERAL_NULL_CONVERSION = YES;
				CLANG_WARN_OBJC_IMPLICIT_RETAIN_SELF = YES;
				CLANG_WARN_OBJC_LITERAL_CONVERSION = YES;
				CLANG_WARN_OBJC_ROOT_CLASS = YES_ERROR;
				CLANG_WARN_QUOTED_INCLUDE_IN_FRAMEWORK_HEADER = YES;
				CLANG_WARN_RANGE_LOOP_ANALYSIS = YES;
				CLANG_WARN_STRICT_PROTOTYPES = YES;
				CLANG_WARN_SUSPICIOUS_MOVE = YES;
				CLANG_WARN_UNGUARDED_AVAILABILITY = YES_AGGRESSIVE;
				CLANG_WARN_UNREACHABLE_CODE = YES;
				CLANG_WARN__DUPLICATE_METHOD_MATCH = YES;
				COPY_PHASE_STRIP = NO;
				DEBUG_INFORMATION_FORMAT = "dwarf-with-dsym";
				ENABLE_NS_ASSERTIONS = NO;
				ENABLE_STRICT_OBJC_MSGSEND = YES;
				GCC_C_LANGUAGE_STANDARD = gnu11;
				GCC_NO_COMMON_BLOCKS = YES;
				GCC_WARN_64_TO_32_BIT_CONVERSION = YES;
				GCC_WARN_ABOUT_RETURN_TYPE = YES_ERROR;
				GCC_WARN_UNDECLARED_SELECTOR = YES;
				GCC_WARN_UNINITIALIZED_AUTOS = YES_AGGRESSIVE;
				GCC_WARN_UNUSED_FUNCTION = YES;
				GCC_WARN_UNUSED_VARIABLE = YES;
				IPHONEOS_DEPLOYMENT_TARGET = 14.1;
				MTL_ENABLE_DEBUG_INFO = NO;
				MTL_FAST_MATH = YES;
				SDKROOT = iphoneos;
				SWIFT_COMPILATION_MODE = wholemodule;
				SWIFT_OPTIMIZATION_LEVEL = "-O";
				VALIDATE_PRODUCT = YES;
			};
			name = Release;
		};
		680A574C255DF4B90090CEA5 /* Debug */ = {
			isa = XCBuildConfiguration;
			buildSettings = {
				ASSETCATALOG_COMPILER_APPICON_NAME = AppIcon;
				ASSETCATALOG_COMPILER_GLOBAL_ACCENT_COLOR_NAME = AccentColor;
				CODE_SIGN_STYLE = Automatic;
				INFOPLIST_FILE = TodoList/Info.plist;
				LD_RUNPATH_SEARCH_PATHS = (
					"$(inherited)",
					"@executable_path/Frameworks",
				);
				PRODUCT_BUNDLE_IDENTIFIER = com.supriyagadkari.TodoList;
				PRODUCT_NAME = "$(TARGET_NAME)";
				SWIFT_VERSION = 5.0;
				TARGETED_DEVICE_FAMILY = "1,2";
			};
			name = Debug;
		};
		680A574D255DF4B90090CEA5 /* Release */ = {
			isa = XCBuildConfiguration;
			buildSettings = {
				ASSETCATALOG_COMPILER_APPICON_NAME = AppIcon;
				ASSETCATALOG_COMPILER_GLOBAL_ACCENT_COLOR_NAME = AccentColor;
				CODE_SIGN_STYLE = Automatic;
				INFOPLIST_FILE = TodoList/Info.plist;
				LD_RUNPATH_SEARCH_PATHS = (
					"$(inherited)",
					"@executable_path/Frameworks",
				);
				PRODUCT_BUNDLE_IDENTIFIER = com.supriyagadkari.TodoList;
				PRODUCT_NAME = "$(TARGET_NAME)";
				SWIFT_VERSION = 5.0;
				TARGETED_DEVICE_FAMILY = "1,2";
			};
			name = Release;
		};
		680A574F255DF4B90090CEA5 /* Debug */ = {
			isa = XCBuildConfiguration;
			buildSettings = {
				ALWAYS_EMBED_SWIFT_STANDARD_LIBRARIES = YES;
				BUNDLE_LOADER = "$(TEST_HOST)";
				CODE_SIGN_STYLE = Automatic;
				INFOPLIST_FILE = TodoListTests/Info.plist;
				IPHONEOS_DEPLOYMENT_TARGET = 14.1;
				LD_RUNPATH_SEARCH_PATHS = (
					"$(inherited)",
					"@executable_path/Frameworks",
					"@loader_path/Frameworks",
				);
				PRODUCT_BUNDLE_IDENTIFIER = com.supriyagadkari.TodoListTests;
				PRODUCT_NAME = "$(TARGET_NAME)";
				SWIFT_VERSION = 5.0;
				TARGETED_DEVICE_FAMILY = "1,2";
				TEST_HOST = "$(BUILT_PRODUCTS_DIR)/TodoList.app/TodoList";
			};
			name = Debug;
		};
		680A5750255DF4B90090CEA5 /* Release */ = {
			isa = XCBuildConfiguration;
			buildSettings = {
				ALWAYS_EMBED_SWIFT_STANDARD_LIBRARIES = YES;
				BUNDLE_LOADER = "$(TEST_HOST)";
				CODE_SIGN_STYLE = Automatic;
				INFOPLIST_FILE = TodoListTests/Info.plist;
				IPHONEOS_DEPLOYMENT_TARGET = 14.1;
				LD_RUNPATH_SEARCH_PATHS = (
					"$(inherited)",
					"@executable_path/Frameworks",
					"@loader_path/Frameworks",
				);
				PRODUCT_BUNDLE_IDENTIFIER = com.supriyagadkari.TodoListTests;
				PRODUCT_NAME = "$(TARGET_NAME)";
				SWIFT_VERSION = 5.0;
				TARGETED_DEVICE_FAMILY = "1,2";
				TEST_HOST = "$(BUILT_PRODUCTS_DIR)/TodoList.app/TodoList";
			};
			name = Release;
		};
		680A5752255DF4B90090CEA5 /* Debug */ = {
			isa = XCBuildConfiguration;
			buildSettings = {
				ALWAYS_EMBED_SWIFT_STANDARD_LIBRARIES = YES;
				CODE_SIGN_STYLE = Automatic;
				INFOPLIST_FILE = TodoListUITests/Info.plist;
				LD_RUNPATH_SEARCH_PATHS = (
					"$(inherited)",
					"@executable_path/Frameworks",
					"@loader_path/Frameworks",
				);
				PRODUCT_BUNDLE_IDENTIFIER = com.supriyagadkari.TodoListUITests;
				PRODUCT_NAME = "$(TARGET_NAME)";
				SWIFT_VERSION = 5.0;
				TARGETED_DEVICE_FAMILY = "1,2";
				TEST_TARGET_NAME = TodoList;
			};
			name = Debug;
		};
		680A5753255DF4B90090CEA5 /* Release */ = {
			isa = XCBuildConfiguration;
			buildSettings = {
				ALWAYS_EMBED_SWIFT_STANDARD_LIBRARIES = YES;
				CODE_SIGN_STYLE = Automatic;
				INFOPLIST_FILE = TodoListUITests/Info.plist;
				LD_RUNPATH_SEARCH_PATHS = (
					"$(inherited)",
					"@executable_path/Frameworks",
					"@loader_path/Frameworks",
				);
				PRODUCT_BUNDLE_IDENTIFIER = com.supriyagadkari.TodoListUITests;
				PRODUCT_NAME = "$(TARGET_NAME)";
				SWIFT_VERSION = 5.0;
				TARGETED_DEVICE_FAMILY = "1,2";
				TEST_TARGET_NAME = TodoList;
			};
			name = Release;
		};
/* End XCBuildConfiguration section */

/* Begin XCConfigurationList section */
		680A571C255DF4B70090CEA5 /* Build configuration list for PBXProject "TodoList" */ = {
			isa = XCConfigurationList;
			buildConfigurations = (
				680A5749255DF4B90090CEA5 /* Debug */,
				680A574A255DF4B90090CEA5 /* Release */,
			);
			defaultConfigurationIsVisible = 0;
			defaultConfigurationName = Release;
		};
		680A574B255DF4B90090CEA5 /* Build configuration list for PBXNativeTarget "TodoList" */ = {
			isa = XCConfigurationList;
			buildConfigurations = (
				680A574C255DF4B90090CEA5 /* Debug */,
				680A574D255DF4B90090CEA5 /* Release */,
			);
			defaultConfigurationIsVisible = 0;
			defaultConfigurationName = Release;
		};
		680A574E255DF4B90090CEA5 /* Build configuration list for PBXNativeTarget "TodoListTests" */ = {
			isa = XCConfigurationList;
			buildConfigurations = (
				680A574F255DF4B90090CEA5 /* Debug */,
				680A5750255DF4B90090CEA5 /* Release */,
			);
			defaultConfigurationIsVisible = 0;
			defaultConfigurationName = Release;
		};
		680A5751255DF4B90090CEA5 /* Build configuration list for PBXNativeTarget "TodoListUITests" */ = {
			isa = XCConfigurationList;
			buildConfigurations = (
				680A5752255DF4B90090CEA5 /* Debug */,
				680A5753255DF4B90090CEA5 /* Release */,
			);
			defaultConfigurationIsVisible = 0;
			defaultConfigurationName = Release;
		};
/* End XCConfigurationList section */
	};
	rootObject = 680A5719255DF4B70090CEA5 /* Project object */;
}
